
Microsoft Visual Studio Solution File, Format Version 12.00
# Visual Studio Version 17
VisualStudioVersion = 17.14.36202.13
MinimumVisualStudioVersion = 10.0.40219.1
Project("{FAE04EC0-301F-11D3-BF4B-00C04F79EFBC}") = "WebAPI", "..\..\TPI.NET\WebAPI\WebAPI.csproj", "{7CAE9789-C8EA-B0CB-3544-FAD391C4DCAE}"
EndProject
Project("{FAE04EC0-301F-11D3-BF4B-00C04F79EFBC}") = "Domain.Model", "..\..\TPI.NET\Persona\Domain.Model.csproj", "{54EC4848-FDF2-A7E8-FD7F-43B6F3CA8A34}"
EndProject
Project("{FAE04EC0-301F-11D3-BF4B-00C04F79EFBC}") = "DTOs", "..\..\TPI.NET\DTOs\DTOs.csproj", "{F4811749-FB0B-0725-AD18-0AC8AF215478}"
EndProject
Project("{FAE04EC0-301F-11D3-BF4B-00C04F79EFBC}") = "Domain.Services", "..\..\TPI.NET\Domain.Service\Domain.Services.csproj", "{438C18AB-785B-D043-BD9E-239D82CB6807}"
EndProject
Project("{FAE04EC0-301F-11D3-BF4B-00C04F79EFBC}") = "Data", "..\..\TPI.NET\Data\Data.csproj", "{84E1115E-6481-96A9-8A53-79875767A6EF}"
EndProject
Project("{FAE04EC0-301F-11D3-BF4B-00C04F79EFBC}") = "WindowsForm", "WindowsForm\WindowsForm.csproj", "{DC4156CC-CE88-4795-9D72-0E61C3C91CB3}"
EndProject
Global
	GlobalSection(SolutionConfigurationPlatforms) = preSolution
		Debug|Any CPU = Debug|Any CPU
		Release|Any CPU = Release|Any CPU
	EndGlobalSection
	GlobalSection(ProjectConfigurationPlatforms) = postSolution
		{7CAE9789-C8EA-B0CB-3544-FAD391C4DCAE}.Debug|Any CPU.ActiveCfg = Debug|Any CPU
		{7CAE9789-C8EA-B0CB-3544-FAD391C4DCAE}.Debug|Any CPU.Build.0 = Debug|Any CPU
		{7CAE9789-C8EA-B0CB-3544-FAD391C4DCAE}.Release|Any CPU.ActiveCfg = Release|Any CPU
		{7CAE9789-C8EA-B0CB-3544-FAD391C4DCAE}.Release|Any CPU.Build.0 = Release|Any CPU
		{54EC4848-FDF2-A7E8-FD7F-43B6F3CA8A34}.Debug|Any CPU.ActiveCfg = Debug|Any CPU
		{54EC4848-FDF2-A7E8-FD7F-43B6F3CA8A34}.Debug|Any CPU.Build.0 = Debug|Any CPU
		{54EC4848-FDF2-A7E8-FD7F-43B6F3CA8A34}.Release|Any CPU.ActiveCfg = Release|Any CPU
		{54EC4848-FDF2-A7E8-FD7F-43B6F3CA8A34}.Release|Any CPU.Build.0 = Release|Any CPU
		{F4811749-FB0B-0725-AD18-0AC8AF215478}.Debug|Any CPU.ActiveCfg = Debug|Any CPU
		{F4811749-FB0B-0725-AD18-0AC8AF215478}.Debug|Any CPU.Build.0 = Debug|Any CPU
		{F4811749-FB0B-0725-AD18-0AC8AF215478}.Release|Any CPU.ActiveCfg = Release|Any CPU
		{F4811749-FB0B-0725-AD18-0AC8AF215478}.Release|Any CPU.Build.0 = Release|Any CPU
		{438C18AB-785B-D043-BD9E-239D82CB6807}.Debug|Any CPU.ActiveCfg = Debug|Any CPU
		{438C18AB-785B-D043-BD9E-239D82CB6807}.Debug|Any CPU.Build.0 = Debug|Any CPU
		{438C18AB-785B-D043-BD9E-239D82CB6807}.Release|Any CPU.ActiveCfg = Release|Any CPU
		{438C18AB-785B-D043-BD9E-239D82CB6807}.Release|Any CPU.Build.0 = Release|Any CPU
		{84E1115E-6481-96A9-8A53-79875767A6EF}.Debug|Any CPU.ActiveCfg = Debug|Any CPU
		{84E1115E-6481-96A9-8A53-79875767A6EF}.Debug|Any CPU.Build.0 = Debug|Any CPU
		{84E1115E-6481-96A9-8A53-79875767A6EF}.Release|Any CPU.ActiveCfg = Release|Any CPU
		{84E1115E-6481-96A9-8A53-79875767A6EF}.Release|Any CPU.Build.0 = Release|Any CPU
		{DC4156CC-CE88-4795-9D72-0E61C3C91CB3}.Debug|Any CPU.ActiveCfg = Debug|Any CPU
		{DC4156CC-CE88-4795-9D72-0E61C3C91CB3}.Debug|Any CPU.Build.0 = Debug|Any CPU
		{DC4156CC-CE88-4795-9D72-0E61C3C91CB3}.Release|Any CPU.ActiveCfg = Release|Any CPU
		{DC4156CC-CE88-4795-9D72-0E61C3C91CB3}.Release|Any CPU.Build.0 = Release|Any CPU
	EndGlobalSection
	GlobalSection(SolutionProperties) = preSolution
		HideSolutionNode = FALSE
	EndGlobalSection
	GlobalSection(ExtensibilityGlobals) = postSolution
		SolutionGuid = {929E3855-33B1-47CA-81FC-1FCF73930703}
	EndGlobalSection
EndGlobal
